
Microsoft Visual Studio Solution File, Format Version 12.00
# Visual Studio Version 17
VisualStudioVersion = 17.11.35312.102
MinimumVisualStudioVersion = 10.0.40219.1
Project("{8BC9CEB8-8B4A-11D0-8D11-00A0C91BC942}") = "2D", "2D\2D.vcxproj", "{A64C785E-BE5E-4560-948D-E85CC04CE648}"
EndProject
Project("{8BC9CEB8-8B4A-11D0-8D11-00A0C91BC942}") = "RayTracer", "RayTracer\RayTracer.vcxproj", "{07BC96D0-D3C4-4938-8FB7-1575197FC01A}"
EndProject
Global
	GlobalSection(SolutionConfigurationPlatforms) = preSolution
		Debug|x64 = Debug|x64
		Debug|x86 = Debug|x86
		Release|x64 = Release|x64
		Release|x86 = Release|x86
	EndGlobalSection
	GlobalSection(ProjectConfigurationPlatforms) = postSolution
		{A64C785E-BE5E-4560-948D-E85CC04CE648}.Debug|x64.ActiveCfg = Debug|x64
		{A64C785E-BE5E-4560-948D-E85CC04CE648}.Debug|x64.Build.0 = Debug|x64
		{A64C785E-BE5E-4560-948D-E85CC04CE648}.Debug|x86.ActiveCfg = Debug|Win32
		{A64C785E-BE5E-4560-948D-E85CC04CE648}.Debug|x86.Build.0 = Debug|Win32
		{A64C785E-BE5E-4560-948D-E85CC04CE648}.Release|x64.ActiveCfg = Release|x64
		{A64C785E-BE5E-4560-948D-E85CC04CE648}.Release|x64.Build.0 = Release|x64
		{A64C785E-BE5E-4560-948D-E85CC04CE648}.Release|x86.ActiveCfg = Release|Win32
		{A64C785E-BE5E-4560-948D-E85CC04CE648}.Release|x86.Build.0 = Release|Win32
		{07BC96D0-D3C4-4938-8FB7-1575197FC01A}.Debug|x64.ActiveCfg = Debug|x64
		{07BC96D0-D3C4-4938-8FB7-1575197FC01A}.Debug|x64.Build.0 = Debug|x64
		{07BC96D0-D3C4-4938-8FB7-1575197FC01A}.Debug|x86.ActiveCfg = Debug|Win32
		{07BC96D0-D3C4-4938-8FB7-1575197FC01A}.Debug|x86.Build.0 = Debug|Win32
		{07BC96D0-D3C4-4938-8FB7-1575197FC01A}.Release|x64.ActiveCfg = Release|x64
		{07BC96D0-D3C4-4938-8FB7-1575197FC01A}.Release|x64.Build.0 = Release|x64
		{07BC96D0-D3C4-4938-8FB7-1575197FC01A}.Release|x86.ActiveCfg = Release|Win32
		{07BC96D0-D3C4-4938-8FB7-1575197FC01A}.Release|x86.Build.0 = Release|Win32
	EndGlobalSection
	GlobalSection(SolutionProperties) = preSolution
		HideSolutionNode = FALSE
	EndGlobalSection
	GlobalSection(ExtensibilityGlobals) = postSolution
		SolutionGuid = {4B6C1DD1-5F02-47E6-BC9A-257CDB117DA7}
	EndGlobalSection
EndGlobal
